// !$*UTF8*$!
{
	archiveVersion = 1;
	classes = {
	};
	objectVersion = 100;
	objects = {

/* Begin PBXBuildFile section */
		7164260C20B8903000D47EF2 /* StoreKit.framework in Frameworks */ = {isa = PBXBuildFile; fileRef = 7164260B20B8903000D47EF2 /* StoreKit.framework */; };
		71AE37F1237A1FAE009C03BB /* WebKit.framework in Frameworks */ = {isa = PBXBuildFile; fileRef = 71AE37F0237A1FAE009C03BB /* WebKit.framework */; };
/* End PBXBuildFile section */

/* Begin PBXFileReference section */
		7110B48E2030F17B00EDBFA3 /* Ultimate Xcode Cleaner.app */ = {isa = PBXFileReference; explicitFileType = wrapper.application; includeInIndex = 0; path = "Ultimate Xcode Cleaner.app"; sourceTree = BUILT_PRODUCTS_DIR; };
		7164260420ACE2EC00D47EF2 /* README.md */ = {isa = PBXFileReference; lastKnownFileType = net.daringfireball.markdown; path = README.md; sourceTree = "<group>"; };
		7164260B20B8903000D47EF2 /* StoreKit.framework */ = {isa = PBXFileReference; lastKnownFileType = wrapper.framework; name = StoreKit.framework; path = System/Library/Frameworks/StoreKit.framework; sourceTree = SDKROOT; };
		718788E220E9169D007375AA /* LICENSE */ = {isa = PBXFileReference; lastKnownFileType = text; path = LICENSE; sourceTree = "<group>"; };
		71AE37F0237A1FAE009C03BB /* WebKit.framework */ = {isa = PBXFileReference; lastKnownFileType = wrapper.framework; name = WebKit.framework; path = System/Library/Frameworks/WebKit.framework; sourceTree = SDKROOT; };
/* End PBXFileReference section */

/* Begin PBXFileSystemSynchronizedBuildFileExceptionSet section */
		F3C1DD9A2F497ABE00D3D257 /* Exceptions for "DevCleaner" folder in "Ultimate Xcode Cleaner" target */ = {
			isa = PBXFileSystemSynchronizedBuildFileExceptionSet;
			membershipExceptions = (
				Resources/DevCleanerStoreKit.storekit,
				Resources/Info.plist,
			);
			target = 7110B48D2030F17B00EDBFA3 /* Ultimate Xcode Cleaner */;
		};
/* End PBXFileSystemSynchronizedBuildFileExceptionSet section */

/* Begin PBXFileSystemSynchronizedRootGroup section */
		F3C1DD662F497ABD00D3D257 /* DevCleaner */ = {
			isa = PBXFileSystemSynchronizedRootGroup;
			exceptions = (
				F3C1DD9A2F497ABE00D3D257 /* Exceptions for "DevCleaner" folder in "Ultimate Xcode Cleaner" target */,
			);
			explicitFolders = (
				Resources/Manual,
			);
			path = DevCleaner;
			sourceTree = "<group>";
		};
/* End PBXFileSystemSynchronizedRootGroup section */

/* Begin PBXFrameworksBuildPhase section */
		7110B48B2030F17B00EDBFA3 /* Frameworks */ = {
			isa = PBXFrameworksBuildPhase;
			files = (
				71AE37F1237A1FAE009C03BB /* WebKit.framework in Frameworks */,
				7164260C20B8903000D47EF2 /* StoreKit.framework in Frameworks */,
			);
		};
/* End PBXFrameworksBuildPhase section */

/* Begin PBXGroup section */
		7110B4852030F17B00EDBFA3 = {
			isa = PBXGroup;
			children = (
				7164260420ACE2EC00D47EF2 /* README.md */,
				718788E220E9169D007375AA /* LICENSE */,
				F3C1DD662F497ABD00D3D257 /* DevCleaner */,
				7110B48F2030F17B00EDBFA3 /* Products */,
				7164260A20B8903000D47EF2 /* Frameworks */,
			);
			sourceTree = "<group>";
		};
		7110B48F2030F17B00EDBFA3 /* Products */ = {
			isa = PBXGroup;
			children = (
				7110B48E2030F17B00EDBFA3 /* Ultimate Xcode Cleaner.app */,
			);
			name = Products;
			sourceTree = "<group>";
		};
		7164260A20B8903000D47EF2 /* Frameworks */ = {
			isa = PBXGroup;
			children = (
				71AE37F0237A1FAE009C03BB /* WebKit.framework */,
				7164260B20B8903000D47EF2 /* StoreKit.framework */,
			);
			name = Frameworks;
			sourceTree = "<group>";
		};
/* End PBXGroup section */

/* Begin PBXNativeTarget section */
		7110B48D2030F17B00EDBFA3 /* Ultimate Xcode Cleaner */ = {
			isa = PBXNativeTarget;
			buildConfigurationList = 7110B49E2030F17B00EDBFA3 /* Build configuration list for PBXNativeTarget "Ultimate Xcode Cleaner" */;
			buildPhases = (
				7110B48A2030F17B00EDBFA3 /* Sources */,
				7110B48B2030F17B00EDBFA3 /* Frameworks */,
				7110B48C2030F17B00EDBFA3 /* Resources */,
				71C8ACDC20A2428E00E7A13B /* Update build number */,
			);
			buildRules = (
			);
			fileSystemSynchronizedGroups = (
				F3C1DD662F497ABD00D3D257 /* DevCleaner */,
			);
			name = "Ultimate Xcode Cleaner";
			productName = XcodeCleaner;
			productReference = 7110B48E2030F17B00EDBFA3 /* Ultimate Xcode Cleaner.app */;
			productType = "com.apple.product-type.application";
		};
/* End PBXNativeTarget section */

/* Begin PBXProject section */
		7110B4862030F17B00EDBFA3 /* Project object */ = {
			isa = PBXProject;
			attributes = {
				BuildIndependentTargetsInParallel = YES;
				LastSwiftUpdateCheck = 0920;
				LastUpgradeCheck = 2640;
				ORGANIZATIONNAME = "";
				TargetAttributes = {
					7110B48D2030F17B00EDBFA3 = {
						CreatedOnToolsVersion = 9.2;
						LastSwiftMigration = 1020;
						ProvisioningStyle = Automatic;
						SystemCapabilities = {
							com.apple.HardenedRuntime = {
								enabled = 1;
							};
							com.apple.InAppPurchase = {
								enabled = 1;
							};
							com.apple.Sandbox = {
								enabled = 1;
							};
						};
					};
				};
			};
			buildConfigurationList = 7110B4892030F17B00EDBFA3 /* Build configuration list for PBXProject "Ultimate Xcode Cleaner" */;
			developmentRegion = en;
			hasScannedForEncodings = 0;
			knownRegions = (
				en,
				Base,
			);
			mainGroup = 7110B4852030F17B00EDBFA3;
			preferredProjectObjectVersion = 100;
			productRefGroup = 7110B48F2030F17B00EDBFA3 /* Products */;
			projectDirPath = "";
			projectRoot = "";
			targets = (
				7110B48D2030F17B00EDBFA3 /* Ultimate Xcode Cleaner */,
			);
		};
/* End PBXProject section */

/* Begin PBXResourcesBuildPhase section */
		7110B48C2030F17B00EDBFA3 /* Resources */ = {
			isa = PBXResourcesBuildPhase;
			files = (
			);
		};
/* End PBXResourcesBuildPhase section */

/* Begin PBXShellScriptBuildPhase section */
		71C8ACDC20A2428E00E7A13B /* Update build number */ = {
			isa = PBXShellScriptBuildPhase;
			alwaysOutOfDate = 1;
			name = "Update build number";
			shellPath = /bin/sh;
			shellScript = (
				"#!/bin/bash",
				"",
				"git=$(sh /etc/profile; which git)",
				"number_of_commits=$(\"$git\" rev-list HEAD --count)",
				"",
				"target_plist=\"$TARGET_BUILD_DIR/$INFOPLIST_PATH\"",
				"dsym_plist=\"$DWARF_DSYM_FOLDER_PATH/$DWARF_DSYM_FILE_NAME/Contents/Info.plist\"",
				"",
				"for plist in \"$target_plist\" \"$dsym_plist\"; do",
				"if [ -f \"$plist\" ]; then",
				"echo \"Setting build number to: $number_of_commits\"",
				"/usr/libexec/PlistBuddy -c \"Set :CFBundleVersion $number_of_commits\" \"$plist\"",
				"fi",
				"done",
				"",
			);
		};
/* End PBXShellScriptBuildPhase section */

/* Begin PBXSourcesBuildPhase section */
		7110B48A2030F17B00EDBFA3 /* Sources */ = {
			isa = PBXSourcesBuildPhase;
			files = (
			);
		};
/* End PBXSourcesBuildPhase section */

/* Begin XCBuildConfiguration section */
		7110B49C2030F17B00EDBFA3 /* Debug configuration for PBXProject "Ultimate Xcode Cleaner" */ = {
			isa = XCBuildConfiguration;
			buildSettings = {
				ALWAYS_SEARCH_USER_PATHS = NO;
				CLANG_ANALYZER_NONNULL = YES;
				CLANG_ANALYZER_NUMBER_OBJECT_CONVERSION = YES_AGGRESSIVE;
				CLANG_CXX_LANGUAGE_STANDARD = "gnu++14";
				CLANG_CXX_LIBRARY = "libc++";
				CLANG_ENABLE_MODULES = YES;
				CLANG_ENABLE_OBJC_ARC = YES;
				CLANG_WARN_BLOCK_CAPTURE_AUTORELEASING = YES;
				CLANG_WARN_BOOL_CONVERSION = YES;
				CLANG_WARN_COMMA = YES;
				CLANG_WARN_CONSTANT_CONVERSION = YES;
				CLANG_WARN_DEPRECATED_OBJC_IMPLEMENTATIONS = YES;
				CLANG_WARN_DIRECT_OBJC_ISA_USAGE = YES_ERROR;
				CLANG_WARN_DOCUMENTATION_COMMENTS = YES;
				CLANG_WARN_EMPTY_BODY = YES;
				CLANG_WARN_ENUM_CONVERSION = YES;
				CLANG_WARN_INFINITE_RECURSION = YES;
				CLANG_WARN_INT_CONVERSION = YES;
				CLANG_WARN_NON_LITERAL_NULL_CONVERSION = YES;
				CLANG_WARN_OBJC_IMPLICIT_RETAIN_SELF = YES;
				CLANG_WARN_OBJC_LITERAL_CONVERSION = YES;
				CLANG_WARN_OBJC_ROOT_CLASS = YES_ERROR;
				CLANG_WARN_QUOTED_INCLUDE_IN_FRAMEWORK_HEADER = YES;
				CLANG_WARN_RANGE_LOOP_ANALYSIS = YES;
				CLANG_WARN_STRICT_PROTOTYPES = YES;
				CLANG_WARN_SUSPICIOUS_MOVE = YES;
				CLANG_WARN_UNGUARDED_AVAILABILITY = YES_AGGRESSIVE;
				CLANG_WARN_UNREACHABLE_CODE = YES;
				CLANG_WARN__DUPLICATE_METHOD_MATCH = YES;
				CODE_SIGN_IDENTITY = "Mac Developer";
				COPY_PHASE_STRIP = NO;
				DEAD_CODE_STRIPPING = YES;
				DEBUG_INFORMATION_FORMAT = dwarf;
				DEVELOPMENT_TEAM = 8FQUA2F388;
				ENABLE_STRICT_OBJC_MSGSEND = YES;
				ENABLE_TESTABILITY = YES;
				ENABLE_USER_SCRIPT_SANDBOXING = YES;
				GCC_C_LANGUAGE_STANDARD = gnu11;
				GCC_DYNAMIC_NO_PIC = NO;
				GCC_NO_COMMON_BLOCKS = YES;
				GCC_OPTIMIZATION_LEVEL = 0;
				GCC_PREPROCESSOR_DEFINITIONS = (
					"DEBUG=1",
					"$(inherited)",
				);
				GCC_WARN_64_TO_32_BIT_CONVERSION = YES;
				GCC_WARN_ABOUT_RETURN_TYPE = YES_ERROR;
				GCC_WARN_UNDECLARED_SELECTOR = YES;
				GCC_WARN_UNINITIALIZED_AUTOS = YES_AGGRESSIVE;
				GCC_WARN_UNUSED_FUNCTION = YES;
				GCC_WARN_UNUSED_VARIABLE = YES;
				MACOSX_DEPLOYMENT_TARGET = 10.12;
				MTL_ENABLE_DEBUG_INFO = YES;
				ONLY_ACTIVE_ARCH = YES;
				SDKROOT = macosx;
				STRING_CATALOG_GENERATE_SYMBOLS = YES;
				SWIFT_ACTIVE_COMPILATION_CONDITIONS = DEBUG;
				SWIFT_OPTIMIZATION_LEVEL = "-Onone";
			};
			name = Debug;
		};
		7110B49D2030F17B00EDBFA3 /* Release configuration for PBXProject "Ultimate Xcode Cleaner" */ = {
			isa = XCBuildConfiguration;
			buildSettings = {
				ALWAYS_SEARCH_USER_PATHS = NO;
				CLANG_ANALYZER_NONNULL = YES;
				CLANG_ANALYZER_NUMBER_OBJECT_CONVERSION = YES_AGGRESSIVE;
				CLANG_CXX_LANGUAGE_STANDARD = "gnu++14";
				CLANG_CXX_LIBRARY = "libc++";
				CLANG_ENABLE_MODULES = YES;
				CLANG_ENABLE_OBJC_ARC = YES;
				CLANG_WARN_BLOCK_CAPTURE_AUTORELEASING = YES;
				CLANG_WARN_BOOL_CONVERSION = YES;
				CLANG_WARN_COMMA = YES;
				CLANG_WARN_CONSTANT_CONVERSION = YES;
				CLANG_WARN_DEPRECATED_OBJC_IMPLEMENTATIONS = YES;
				CLANG_WARN_DIRECT_OBJC_ISA_USAGE = YES_ERROR;
				CLANG_WARN_DOCUMENTATION_COMMENTS = YES;
				CLANG_WARN_EMPTY_BODY = YES;
				CLANG_WARN_ENUM_CONVERSION = YES;
				CLANG_WARN_INFINITE_RECURSION = YES;
				CLANG_WARN_INT_CONVERSION = YES;
				CLANG_WARN_NON_LITERAL_NULL_CONVERSION = YES;
				CLANG_WARN_OBJC_IMPLICIT_RETAIN_SELF = YES;
				CLANG_WARN_OBJC_LITERAL_CONVERSION = YES;
				CLANG_WARN_OBJC_ROOT_CLASS = YES_ERROR;
				CLANG_WARN_QUOTED_INCLUDE_IN_FRAMEWORK_HEADER = YES;
				CLANG_WARN_RANGE_LOOP_ANALYSIS = YES;
				CLANG_WARN_STRICT_PROTOTYPES = YES;
				CLANG_WARN_SUSPICIOUS_MOVE = YES;
				CLANG_WARN_UNGUARDED_AVAILABILITY = YES_AGGRESSIVE;
				CLANG_WARN_UNREACHABLE_CODE = YES;
				CLANG_WARN__DUPLICATE_METHOD_MATCH = YES;
				CODE_SIGN_IDENTITY = "Mac Developer";
				COPY_PHASE_STRIP = NO;
				DEAD_CODE_STRIPPING = YES;
				DEBUG_INFORMATION_FORMAT = "dwarf-with-dsym";
				DEVELOPMENT_TEAM = 8FQUA2F388;
				ENABLE_NS_ASSERTIONS = NO;
				ENABLE_STRICT_OBJC_MSGSEND = YES;
				ENABLE_USER_SCRIPT_SANDBOXING = YES;
				GCC_C_LANGUAGE_STANDARD = gnu11;
				GCC_NO_COMMON_BLOCKS = YES;
				GCC_WARN_64_TO_32_BIT_CONVERSION = YES;
				GCC_WARN_ABOUT_RETURN_TYPE = YES_ERROR;
				GCC_WARN_UNDECLARED_SELECTOR = YES;
				GCC_WARN_UNINITIALIZED_AUTOS = YES_AGGRESSIVE;
				GCC_WARN_UNUSED_FUNCTION = YES;
				GCC_WARN_UNUSED_VARIABLE = YES;
				MACOSX_DEPLOYMENT_TARGET = 10.12;
				MTL_ENABLE_DEBUG_INFO = NO;
				SDKROOT = macosx;
				STRING_CATALOG_GENERATE_SYMBOLS = YES;
				SWIFT_COMPILATION_MODE = wholemodule;
				SWIFT_OPTIMIZATION_LEVEL = "-O";
			};
			name = Release;
		};
		7110B49F2030F17B00EDBFA3 /* Debug configuration for PBXNativeTarget "Ultimate Xcode Cleaner" */ = {
			isa = XCBuildConfiguration;
			buildSettings = {
				ASSETCATALOG_COMPILER_APPICON_NAME = AppIcon;
				CODE_SIGN_ENTITLEMENTS = DevCleaner/Resources/DevCleaner.entitlements;
				CODE_SIGN_IDENTITY = "Apple Development";
				CODE_SIGN_STYLE = Automatic;
				COMBINE_HIDPI_IMAGES = YES;
				CURRENT_PROJECT_VERSION = 0;
				DEAD_CODE_STRIPPING = YES;
				ENABLE_APP_SANDBOX = YES;
				ENABLE_HARDENED_RUNTIME = YES;
				ENABLE_OUTGOING_NETWORK_CONNECTIONS = YES;
				ENABLE_USER_SELECTED_FILES = readwrite;
				INFOPLIST_FILE = "$(SRCROOT)/DevCleaner/Resources/Info.plist";
				INFOPLIST_KEY_CFBundleDisplayName = "Ultimate Xcode Cleaner";
				INFOPLIST_KEY_LSApplicationCategoryType = "public.app-category.developer-tools";
				LD_RUNPATH_SEARCH_PATHS = (
					"$(inherited)",
					"@executable_path/../Frameworks",
				);
				MACOSX_DEPLOYMENT_TARGET = 13.0;
				MARKETING_VERSION = 2.6.1;
				PRODUCT_BUNDLE_IDENTIFIER = "dev.topscrech.Ultimate-Xcode-Cleaner";
				PRODUCT_NAME = "$(TARGET_NAME)";
				SWIFT_VERSION = 5.0;
			};
			name = Debug;
		};
		7110B4A02030F17B00EDBFA3 /* Release configuration for PBXNativeTarget "Ultimate Xcode Cleaner" */ = {
			isa = XCBuildConfiguration;
			buildSettings = {
				ASSETCATALOG_COMPILER_APPICON_NAME = AppIcon;
				CODE_SIGN_ENTITLEMENTS = DevCleaner/Resources/DevCleaner.entitlements;
				CODE_SIGN_IDENTITY = "Apple Development";
				CODE_SIGN_STYLE = Automatic;
				COMBINE_HIDPI_IMAGES = YES;
				CURRENT_PROJECT_VERSION = 0;
				DEAD_CODE_STRIPPING = YES;
				ENABLE_APP_SANDBOX = YES;
				ENABLE_HARDENED_RUNTIME = YES;
				ENABLE_OUTGOING_NETWORK_CONNECTIONS = YES;
				ENABLE_USER_SELECTED_FILES = readwrite;
				INFOPLIST_FILE = "$(SRCROOT)/DevCleaner/Resources/Info.plist";
				INFOPLIST_KEY_CFBundleDisplayName = "Ultimate Xcode Cleaner";
				INFOPLIST_KEY_LSApplicationCategoryType = "public.app-category.developer-tools";
				LD_RUNPATH_SEARCH_PATHS = (
					"$(inherited)",
					"@executable_path/../Frameworks",
				);
				MACOSX_DEPLOYMENT_TARGET = 13.0;
				MARKETING_VERSION = 2.6.1;
				PRODUCT_BUNDLE_IDENTIFIER = "dev.topscrech.Ultimate-Xcode-Cleaner";
				PRODUCT_NAME = "$(TARGET_NAME)";
				SWIFT_VERSION = 5.0;
			};
			name = Release;
		};
/* End XCBuildConfiguration section */

/* Begin XCConfigurationList section */
		7110B4892030F17B00EDBFA3 /* Build configuration list for PBXProject "Ultimate Xcode Cleaner" */ = {
			isa = XCConfigurationList;
			buildConfigurations = (
				7110B49C2030F17B00EDBFA3 /* Debug configuration for PBXProject "Ultimate Xcode Cleaner" */,
				7110B49D2030F17B00EDBFA3 /* Release configuration for PBXProject "Ultimate Xcode Cleaner" */,
			);
			defaultConfigurationName = Release;
		};
		7110B49E2030F17B00EDBFA3 /* Build configuration list for PBXNativeTarget "Ultimate Xcode Cleaner" */ = {
			isa = XCConfigurationList;
			buildConfigurations = (
				7110B49F2030F17B00EDBFA3 /* Debug configuration for PBXNativeTarget "Ultimate Xcode Cleaner" */,
				7110B4A02030F17B00EDBFA3 /* Release configuration for PBXNativeTarget "Ultimate Xcode Cleaner" */,
			);
			defaultConfigurationName = Release;
		};
/* End XCConfigurationList section */
	};
	rootObject = 7110B4862030F17B00EDBFA3 /* Project object */;
}
